
Microsoft Visual Studio Solution File, Format Version 12.00
# Visual Studio Version 16
VisualStudioVersion = 25.0.1705.0
MinimumVisualStudioVersion = 10.0.40219.1
Project("{FAE04EC0-301F-11D3-BF4B-00C04F79EFBC}") = "Lab 6", "Lab 6\Lab 6.csproj", "{8FFCDD54-D52F-42CB-A15D-49557E051654}"
EndProject
Global
	GlobalSection(SolutionConfigurationPlatforms) = preSolution
		Debug|Any CPU = Debug|Any CPU
		Release|Any CPU = Release|Any CPU
	EndGlobalSection
	GlobalSection(ProjectConfigurationPlatforms) = postSolution
		{8FFCDD54-D52F-42CB-A15D-49557E051654}.Debug|Any CPU.ActiveCfg = Debug|Any CPU
		{8FFCDD54-D52F-42CB-A15D-49557E051654}.Debug|Any CPU.Build.0 = Debug|Any CPU
		{8FFCDD54-D52F-42CB-A15D-49557E051654}.Release|Any CPU.ActiveCfg = Release|Any CPU
		{8FFCDD54-D52F-42CB-A15D-49557E051654}.Release|Any CPU.Build.0 = Release|Any CPU
	EndGlobalSection
	GlobalSection(SolutionProperties) = preSolution
		HideSolutionNode = FALSE
	EndGlobalSection
	GlobalSection(ExtensibilityGlobals) = postSolution
		SolutionGuid = {CDC5807E-C9AE-40A8-B65F-88DBFEC8339A}
	EndGlobalSection
EndGlobal
